
Microsoft Visual Studio Solution File, Format Version 12.00
# Visual Studio 15
Project("{FAE04EC0-301F-11D3-BF4B-00C04F79EFBC}") = "UnityGameFramework.Runtime", "UnityGameFramework.Runtime.csproj", "{431364F2-9B48-F787-5257-47ACCA88D3A1}"
EndProject
Project("{FAE04EC0-301F-11D3-BF4B-00C04F79EFBC}") = "Assembly-CSharp", "Assembly-CSharp.csproj", "{8C796AEC-AE8B-FC07-4240-78AC1B4345A6}"
EndProject
Project("{FAE04EC0-301F-11D3-BF4B-00C04F79EFBC}") = "UnityGameFramework.Editor", "UnityGameFramework.Editor.csproj", "{7D3F9BC2-431D-10FE-A3B1-74C47A184DFA}"
EndProject
Global
	GlobalSection(SolutionConfigurationPlatforms) = preSolution
		Debug|Any CPU = Debug|Any CPU
		Release|Any CPU = Release|Any CPU
	EndGlobalSection
	GlobalSection(ProjectConfigurationPlatforms) = postSolution
		{431364F2-9B48-F787-5257-47ACCA88D3A1}.Debug|Any CPU.ActiveCfg = Debug|Any CPU
		{431364F2-9B48-F787-5257-47ACCA88D3A1}.Debug|Any CPU.Build.0 = Debug|Any CPU
		{431364F2-9B48-F787-5257-47ACCA88D3A1}.Release|Any CPU.ActiveCfg = Release|Any CPU
		{431364F2-9B48-F787-5257-47ACCA88D3A1}.Release|Any CPU.Build.0 = Release|Any CPU
		{8C796AEC-AE8B-FC07-4240-78AC1B4345A6}.Debug|Any CPU.ActiveCfg = Debug|Any CPU
		{8C796AEC-AE8B-FC07-4240-78AC1B4345A6}.Debug|Any CPU.Build.0 = Debug|Any CPU
		{8C796AEC-AE8B-FC07-4240-78AC1B4345A6}.Release|Any CPU.ActiveCfg = Release|Any CPU
		{8C796AEC-AE8B-FC07-4240-78AC1B4345A6}.Release|Any CPU.Build.0 = Release|Any CPU
		{7D3F9BC2-431D-10FE-A3B1-74C47A184DFA}.Debug|Any CPU.ActiveCfg = Debug|Any CPU
		{7D3F9BC2-431D-10FE-A3B1-74C47A184DFA}.Debug|Any CPU.Build.0 = Debug|Any CPU
		{7D3F9BC2-431D-10FE-A3B1-74C47A184DFA}.Release|Any CPU.ActiveCfg = Release|Any CPU
		{7D3F9BC2-431D-10FE-A3B1-74C47A184DFA}.Release|Any CPU.Build.0 = Release|Any CPU
	EndGlobalSection
	GlobalSection(SolutionProperties) = preSolution
		HideSolutionNode = FALSE
	EndGlobalSection
EndGlobal
